<?xml version="1.0" encoding="utf-8"?>
<Project ToolsVersion="4.0" xmlns="http://schemas.microsoft.com/developer/msbuild/2003">
  <ItemGroup>
    <Filter Include="Source Files">
      <UniqueIdentifier>{4FC737F1-C7A5-4376-A066-2A32D752A2FF}</UniqueIdentifier>
      <Extensions>qml;cpp;c;cc;cxx;def;odl;idl;hpj;bat;asm;asmx</Extensions>
    </Filter>
    <Filter Include="Header Files">
      <UniqueIdentifier>{93995380-89BD-4b04-88EB-625FBE52EBFB}</UniqueIdentifier>
      <Extensions>h;hh;hpp;hxx;hm;inl;inc;xsd</Extensions>
    </Filter>
    <Filter Include="Resource Files">
      <UniqueIdentifier>{67DA6AB6-F800-4c08-8B7A-83BB121AAD01}</UniqueIdentifier>
      <Extensions>qrc;rc;ico;cur;bmp;dlg;rc2;rct;bin;rgs;gif;jpg;jpeg;jpe;resx;tiff;tif;png;wav;mfcribbon-ms</Extensions>
    </Filter>
    <Filter Include="Form Files">
      <UniqueIdentifier>{99349809-55BA-4b9d-BF79-8FDBB0286EB3}</UniqueIdentifier>
      <Extensions>ui</Extensions>
    </Filter>
    <Filter Include="Translation Files">
      <UniqueIdentifier>{639EADAA-A684-42e4-A9AD-28FC9BCB8F7C}</UniqueIdentifier>
      <Extensions>ts</Extensions>
    </Filter>
    <Filter Include="Symbol">
      <UniqueIdentifier>{cee178e0-bd09-4107-bc5d-bc6172e1224f}</UniqueIdentifier>
    </Filter>
  </ItemGroup>
  <ItemGroup>
    <QtRcc Include="YLGIS.qrc">
      <Filter>Resource Files</Filter>
    </QtRcc>
    <QtUic Include="YLGIS.ui">
      <Filter>Form Files</Filter>
    </QtUic>
    <QtMoc Include="YLGIS.h">
      <Filter>Header Files</Filter>
    </QtMoc>
    <ClCompile Include="YLGIS.cpp">
      <Filter>Source Files</Filter>
    </ClCompile>
  </ItemGroup>
  <ItemGroup>
    <ClCompile Include="main.cpp">
      <Filter>Source Files</Filter>
    </ClCompile>
    <ClCompile Include="FeatureAttribute.cpp">
      <Filter>Source Files</Filter>
    </ClCompile>
    <ClCompile Include="S3dmApplySymbolDlg.cpp">
      <Filter>Symbol</Filter>
    </ClCompile>
    <ClCompile Include="S3dmStyleManager.cpp">
      <Filter>Symbol</Filter>
    </ClCompile>
    <ClCompile Include="S3dmSymbolExportDlg.cpp">
      <Filter>Symbol</Filter>
    </ClCompile>
    <ClCompile Include="S3dmSymbolImportDlg.cpp">
      <Filter>Symbol</Filter>
    </ClCompile>
    <ClCompile Include="S3dmSymbolSaveDlg.cpp">
      <Filter>Symbol</Filter>
    </ClCompile>
    <ClCompile Include="S3dmSymbolManager.cpp">
      <Filter>Symbol</Filter>
    </ClCompile>
    <ClCompile Include="S3dmXmlGenerateDlg.cpp">
      <Filter>Symbol</Filter>
    </ClCompile>
  </ItemGroup>
  <ItemGroup>
    <ClInclude Include="FeatureAttribute.h">
      <Filter>Header Files</Filter>
    </ClInclude>
    <ClInclude Include="s3d_stylemanagerlib_global.h">
      <Filter>Symbol</Filter>
    </ClInclude>
    <ClInclude Include="S3dmStyleManager.h">
      <Filter>Symbol</Filter>
    </ClInclude>
  </ItemGroup>
  <ItemGroup>
    <QtMoc Include="S3dmApplySymbolDlg.h">
      <Filter>Symbol</Filter>
    </QtMoc>
    <QtMoc Include="S3dmSymbolExportDlg.h">
      <Filter>Symbol</Filter>
    </QtMoc>
    <QtMoc Include="S3dmSymbolImportDlg.h">
      <Filter>Symbol</Filter>
    </QtMoc>
    <QtMoc Include="S3dmSymbolManager.h">
      <Filter>Symbol</Filter>
    </QtMoc>
    <QtMoc Include="S3dmSymbolSaveDlg.h">
      <Filter>Symbol</Filter>
    </QtMoc>
    <QtMoc Include="S3dmXmlGenerateDlg.h">
      <Filter>Symbol</Filter>
    </QtMoc>
  </ItemGroup>
  <ItemGroup>
    <QtUic Include="S3dmApplySymbolDlg.ui">
      <Filter>Symbol</Filter>
    </QtUic>
    <QtUic Include="S3dmSymbolExportDlg.ui">
      <Filter>Symbol</Filter>
    </QtUic>
    <QtUic Include="S3dmSymbolImportDlg.ui">
      <Filter>Symbol</Filter>
    </QtUic>
    <QtUic Include="S3dmSymbolSaveDlg.ui">
      <Filter>Symbol</Filter>
    </QtUic>
    <QtUic Include="S3dmSymbolManager.ui">
      <Filter>Symbol</Filter>
    </QtUic>
    <QtUic Include="S3dmXmlGenerateDlg.ui">
      <Filter>Symbol</Filter>
    </QtUic>
  </ItemGroup>
</Project>